
Microsoft Visual Studio Solution File, Format Version 12.00
# Visual Studio Version 17
VisualStudioVersion = 17.5.33627.172
MinimumVisualStudioVersion = 10.0.40219.1
Project("{FAE04EC0-301F-11D3-BF4B-00C04F79EFBC}") = "Decryptor", "Decryptor\Decryptor.csproj", "{023E13AF-C83A-4A4C-B54D-5A0E53D71245}"
EndProject
Global
	GlobalSection(SolutionConfigurationPlatforms) = preSolution
		Debug|Any CPU = Debug|Any CPU
		Release|Any CPU = Release|Any CPU
	EndGlobalSection
	GlobalSection(ProjectConfigurationPlatforms) = postSolution
		{023E13AF-C83A-4A4C-B54D-5A0E53D71245}.Debug|Any CPU.ActiveCfg = Debug|Any CPU
		{023E13AF-C83A-4A4C-B54D-5A0E53D71245}.Debug|Any CPU.Build.0 = Debug|Any CPU
		{023E13AF-C83A-4A4C-B54D-5A0E53D71245}.Release|Any CPU.ActiveCfg = Release|Any CPU
		{023E13AF-C83A-4A4C-B54D-5A0E53D71245}.Release|Any CPU.Build.0 = Release|Any CPU
	EndGlobalSection
	GlobalSection(SolutionProperties) = preSolution
		HideSolutionNode = FALSE
	EndGlobalSection
	GlobalSection(ExtensibilityGlobals) = postSolution
		SolutionGuid = {CEA51790-5A8D-47E2-82D0-538F6C9B3124}
	EndGlobalSection
EndGlobal
